{
  "name": "art-gen",
  "lockfileVersion": 3,
  "requires": true,
  "packages": {
    "": {
      "name": "art-gen",
      "devDependencies": {
        "@types/jsmediatags": "^3.9.3"
      }
    },
    "node_modules/@types/jsmediatags": {
      "version": "3.9.3",
      "dev": true,
      "license": "MIT"
    }
  }
}